
Microsoft Visual Studio Solution File, Format Version 12.00
# Visual Studio 15
VisualStudioVersion = 15.0.28307.421
MinimumVisualStudioVersion = 10.0.40219.1
Project("{FAE04EC0-301F-11D3-BF4B-00C04F79EFBC}") = "Rectangle into Squares", "Rectangle into Squares\Rectangle into Squares.csproj", "{5EEB2536-76D7-4379-95E8-6AB3617D9D86}"
EndProject
Global
	GlobalSection(SolutionConfigurationPlatforms) = preSolution
		Debug|Any CPU = Debug|Any CPU
		Release|Any CPU = Release|Any CPU
	EndGlobalSection
	GlobalSection(ProjectConfigurationPlatforms) = postSolution
		{5EEB2536-76D7-4379-95E8-6AB3617D9D86}.Debug|Any CPU.ActiveCfg = Debug|Any CPU
		{5EEB2536-76D7-4379-95E8-6AB3617D9D86}.Debug|Any CPU.Build.0 = Debug|Any CPU
		{5EEB2536-76D7-4379-95E8-6AB3617D9D86}.Release|Any CPU.ActiveCfg = Release|Any CPU
		{5EEB2536-76D7-4379-95E8-6AB3617D9D86}.Release|Any CPU.Build.0 = Release|Any CPU
	EndGlobalSection
	GlobalSection(SolutionProperties) = preSolution
		HideSolutionNode = FALSE
	EndGlobalSection
	GlobalSection(ExtensibilityGlobals) = postSolution
		SolutionGuid = {177508EB-F6EA-405F-8886-AB301184C88C}
	EndGlobalSection
EndGlobal
